// !$*UTF8*$!
{
	archiveVersion = 1;
	classes = {
	};
	objectVersion = 46;
	objects = {

/* Begin PBXBuildFile section */
		211F75AE33F8F1F04B8CB85B /* Pods_testAppSDKIntegration.framework in Frameworks */ = {isa = PBXBuildFile; fileRef = D00F14898DE98C1469BBDE69 /* Pods_testAppSDKIntegration.framework */; };
		B0ED53391C98798D00F0AC06 /* AppDelegate.swift in Sources */ = {isa = PBXBuildFile; fileRef = B0ED53381C98798D00F0AC06 /* AppDelegate.swift */; };
		B0ED533B1C98798D00F0AC06 /* ViewController.swift in Sources */ = {isa = PBXBuildFile; fileRef = B0ED533A1C98798D00F0AC06 /* ViewController.swift */; };
		B0ED533E1C98798E00F0AC06 /* Main.storyboard in Resources */ = {isa = PBXBuildFile; fileRef = B0ED533C1C98798E00F0AC06 /* Main.storyboard */; };
		B0ED53401C98798E00F0AC06 /* Assets.xcassets in Resources */ = {isa = PBXBuildFile; fileRef = B0ED533F1C98798E00F0AC06 /* Assets.xcassets */; };
		B0ED53431C98798E00F0AC06 /* LaunchScreen.storyboard in Resources */ = {isa = PBXBuildFile; fileRef = B0ED53411C98798E00F0AC06 /* LaunchScreen.storyboard */; };
/* End PBXBuildFile section */

/* Begin PBXFileReference section */
		16116E0C88DE724683758D91 /* Pods-testAppSDKIntegration.debug.xcconfig */ = {isa = PBXFileReference; includeInIndex = 1; lastKnownFileType = text.xcconfig; name = "Pods-testAppSDKIntegration.debug.xcconfig"; path = "Pods/Target Support Files/Pods-testAppSDKIntegration/Pods-testAppSDKIntegration.debug.xcconfig"; sourceTree = "<group>"; };
		B06526C31C9AEEEB002CE90A /* Info.plist */ = {isa = PBXFileReference; fileEncoding = 4; lastKnownFileType = text.plist.xml; path = Info.plist; sourceTree = "<group>"; };
		B0ED53351C98798D00F0AC06 /* testAppSDKIntegration.app */ = {isa = PBXFileReference; explicitFileType = wrapper.application; includeInIndex = 0; path = testAppSDKIntegration.app; sourceTree = BUILT_PRODUCTS_DIR; };
		B0ED53381C98798D00F0AC06 /* AppDelegate.swift */ = {isa = PBXFileReference; lastKnownFileType = sourcecode.swift; path = AppDelegate.swift; sourceTree = "<group>"; };
		B0ED533A1C98798D00F0AC06 /* ViewController.swift */ = {isa = PBXFileReference; lastKnownFileType = sourcecode.swift; path = ViewController.swift; sourceTree = "<group>"; };
		B0ED533D1C98798E00F0AC06 /* Base */ = {isa = PBXFileReference; lastKnownFileType = file.storyboard; name = Base; path = Base.lproj/Main.storyboard; sourceTree = "<group>"; };
		B0ED533F1C98798E00F0AC06 /* Assets.xcassets */ = {isa = PBXFileReference; lastKnownFileType = folder.assetcatalog; path = Assets.xcassets; sourceTree = "<group>"; };
		B0ED53421C98798E00F0AC06 /* Base */ = {isa = PBXFileReference; lastKnownFileType = file.storyboard; name = Base; path = Base.lproj/LaunchScreen.storyboard; sourceTree = "<group>"; };
		D00F14898DE98C1469BBDE69 /* Pods_testAppSDKIntegration.framework */ = {isa = PBXFileReference; explicitFileType = wrapper.framework; includeInIndex = 0; path = Pods_testAppSDKIntegration.framework; sourceTree = BUILT_PRODUCTS_DIR; };
		E1C08FAEDDC1104488D4C45D /* Pods-testAppSDKIntegration.release.xcconfig */ = {isa = PBXFileReference; includeInIndex = 1; lastKnownFileType = text.xcconfig; name = "Pods-testAppSDKIntegration.release.xcconfig"; path = "Pods/Target Support Files/Pods-testAppSDKIntegration/Pods-testAppSDKIntegration.release.xcconfig"; sourceTree = "<group>"; };
/* End PBXFileReference section */

/* Begin PBXFrameworksBuildPhase section */
		B0ED53321C98798D00F0AC06 /* Frameworks */ = {
			isa = PBXFrameworksBuildPhase;
			buildActionMask = 2147483647;
			files = (
				211F75AE33F8F1F04B8CB85B /* Pods_testAppSDKIntegration.framework in Frameworks */,
			);
			runOnlyForDeploymentPostprocessing = 0;
		};
/* End PBXFrameworksBuildPhase section */

/* Begin PBXGroup section */
		B0ED532C1C98798D00F0AC06 = {
			isa = PBXGroup;
			children = (
				B0ED53371C98798D00F0AC06 /* testAppSDKIntegration */,
				B0ED53361C98798D00F0AC06 /* Products */,
				EBB2B83393C0B6880D45AD04 /* Pods */,
				EA10D846E101FF91D66C1CA8 /* Frameworks */,
			);
			sourceTree = "<group>";
		};
		B0ED53361C98798D00F0AC06 /* Products */ = {
			isa = PBXGroup;
			children = (
				B0ED53351C98798D00F0AC06 /* testAppSDKIntegration.app */,
			);
			name = Products;
			sourceTree = "<group>";
		};
		B0ED53371C98798D00F0AC06 /* testAppSDKIntegration */ = {
			isa = PBXGroup;
			children = (
				B0ED53381C98798D00F0AC06 /* AppDelegate.swift */,
				B0ED533A1C98798D00F0AC06 /* ViewController.swift */,
				B0ED533C1C98798E00F0AC06 /* Main.storyboard */,
				B0ED533F1C98798E00F0AC06 /* Assets.xcassets */,
				B0ED53411C98798E00F0AC06 /* LaunchScreen.storyboard */,
				B06526C31C9AEEEB002CE90A /* Info.plist */,
			);
			path = testAppSDKIntegration;
			sourceTree = "<group>";
		};
		EA10D846E101FF91D66C1CA8 /* Frameworks */ = {
			isa = PBXGroup;
			children = (
				D00F14898DE98C1469BBDE69 /* Pods_testAppSDKIntegration.framework */,
			);
			name = Frameworks;
			sourceTree = "<group>";
		};
		EBB2B83393C0B6880D45AD04 /* Pods */ = {
			isa = PBXGroup;
			children = (
				16116E0C88DE724683758D91 /* Pods-testAppSDKIntegration.debug.xcconfig */,
				E1C08FAEDDC1104488D4C45D /* Pods-testAppSDKIntegration.release.xcconfig */,
			);
			name = Pods;
			sourceTree = "<group>";
		};
/* End PBXGroup section */

/* Begin PBXNativeTarget section */
		B0ED53341C98798D00F0AC06 /* testAppSDKIntegration */ = {
			isa = PBXNativeTarget;
			buildConfigurationList = B0ED53471C98798E00F0AC06 /* Build configuration list for PBXNativeTarget "testAppSDKIntegration" */;
			buildPhases = (
				2A7D2280F93F0FA0D80E5C66 /* Check Pods Manifest.lock */,
				B0ED53311C98798D00F0AC06 /* Sources */,
				B0ED53321C98798D00F0AC06 /* Frameworks */,
				B0ED53331C98798D00F0AC06 /* Resources */,
				5EB72B2B26E05C4DAD419171 /* Embed Pods Frameworks */,
				DE412AE09321427C2FF92B76 /* Copy Pods Resources */,
			);
			buildRules = (
			);
			dependencies = (
			);
			name = testAppSDKIntegration;
			productName = testAppSDKIntegration;
			productReference = B0ED53351C98798D00F0AC06 /* testAppSDKIntegration.app */;
			productType = "com.apple.product-type.application";
		};
/* End PBXNativeTarget section */

/* Begin PBXProject section */
		B0ED532D1C98798D00F0AC06 /* Project object */ = {
			isa = PBXProject;
			attributes = {
				LastSwiftUpdateCheck = 0720;
				LastUpgradeCheck = 0720;
				ORGANIZATIONNAME = "Steven van Stiphout";
				TargetAttributes = {
					B0ED53341C98798D00F0AC06 = {
						CreatedOnToolsVersion = 7.2.1;
					};
				};
			};
			buildConfigurationList = B0ED53301C98798D00F0AC06 /* Build configuration list for PBXProject "testAppSDKIntegration" */;
			compatibilityVersion = "Xcode 3.2";
			developmentRegion = English;
			hasScannedForEncodings = 0;
			knownRegions = (
				en,
				Base,
			);
			mainGroup = B0ED532C1C98798D00F0AC06;
			productRefGroup = B0ED53361C98798D00F0AC06 /* Products */;
			projectDirPath = "";
			projectRoot = "";
			targets = (
				B0ED53341C98798D00F0AC06 /* testAppSDKIntegration */,
			);
		};
/* End PBXProject section */

/* Begin PBXResourcesBuildPhase section */
		B0ED53331C98798D00F0AC06 /* Resources */ = {
			isa = PBXResourcesBuildPhase;
			buildActionMask = 2147483647;
			files = (
				B0ED53431C98798E00F0AC06 /* LaunchScreen.storyboard in Resources */,
				B0ED53401C98798E00F0AC06 /* Assets.xcassets in Resources */,
				B0ED533E1C98798E00F0AC06 /* Main.storyboard in Resources */,
			);
			runOnlyForDeploymentPostprocessing = 0;
		};
/* End PBXResourcesBuildPhase section */

/* Begin PBXShellScriptBuildPhase section */
		2A7D2280F93F0FA0D80E5C66 /* Check Pods Manifest.lock */ = {
			isa = PBXShellScriptBuildPhase;
			buildActionMask = 2147483647;
			files = (
			);
			inputPaths = (
			);
			name = "Check Pods Manifest.lock";
			outputPaths = (
			);
			runOnlyForDeploymentPostprocessing = 0;
			shellPath = /bin/sh;
			shellScript = "diff \"${PODS_ROOT}/../Podfile.lock\" \"${PODS_ROOT}/Manifest.lock\" > /dev/null\nif [[ $? != 0 ]] ; then\n    cat << EOM\nerror: The sandbox is not in sync with the Podfile.lock. Run 'pod install' or update your CocoaPods installation.\nEOM\n    exit 1\nfi\n";
			showEnvVarsInLog = 0;
		};
		5EB72B2B26E05C4DAD419171 /* Embed Pods Frameworks */ = {
			isa = PBXShellScriptBuildPhase;
			buildActionMask = 2147483647;
			files = (
			);
			inputPaths = (
			);
			name = "Embed Pods Frameworks";
			outputPaths = (
			);
			runOnlyForDeploymentPostprocessing = 0;
			shellPath = /bin/sh;
			shellScript = "\"${SRCROOT}/Pods/Target Support Files/Pods-testAppSDKIntegration/Pods-testAppSDKIntegration-frameworks.sh\"\n";
			showEnvVarsInLog = 0;
		};
		DE412AE09321427C2FF92B76 /* Copy Pods Resources */ = {
			isa = PBXShellScriptBuildPhase;
			buildActionMask = 2147483647;
			files = (
			);
			inputPaths = (
			);
			name = "Copy Pods Resources";
			outputPaths = (
			);
			runOnlyForDeploymentPostprocessing = 0;
			shellPath = /bin/sh;
			shellScript = "\"${SRCROOT}/Pods/Target Support Files/Pods-testAppSDKIntegration/Pods-testAppSDKIntegration-resources.sh\"\n";
			showEnvVarsInLog = 0;
		};
/* End PBXShellScriptBuildPhase section */

/* Begin PBXSourcesBuildPhase section */
		B0ED53311C98798D00F0AC06 /* Sources */ = {
			isa = PBXSourcesBuildPhase;
			buildActionMask = 2147483647;
			files = (
				B0ED533B1C98798D00F0AC06 /* ViewController.swift in Sources */,
				B0ED53391C98798D00F0AC06 /* AppDelegate.swift in Sources */,
			);
			runOnlyForDeploymentPostprocessing = 0;
		};
/* End PBXSourcesBuildPhase section */

/* Begin PBXVariantGroup section */
		B0ED533C1C98798E00F0AC06 /* Main.storyboard */ = {
			isa = PBXVariantGroup;
			children = (
				B0ED533D1C98798E00F0AC06 /* Base */,
			);
			name = Main.storyboard;
			sourceTree = "<group>";
		};
		B0ED53411C98798E00F0AC06 /* LaunchScreen.storyboard */ = {
			isa = PBXVariantGroup;
			children = (
				B0ED53421C98798E00F0AC06 /* Base */,
			);
			name = LaunchScreen.storyboard;
			sourceTree = "<group>";
		};
/* End PBXVariantGroup section */

/* Begin XCBuildConfiguration section */
		B0ED53451C98798E00F0AC06 /* Debug */ = {
			isa = XCBuildConfiguration;
			buildSettings = {
				ALWAYS_SEARCH_USER_PATHS = NO;
				CLANG_CXX_LANGUAGE_STANDARD = "gnu++0x";
				CLANG_CXX_LIBRARY = "libc++";
				CLANG_ENABLE_MODULES = YES;
				CLANG_ENABLE_OBJC_ARC = YES;
				CLANG_WARN_BOOL_CONVERSION = YES;
				CLANG_WARN_CONSTANT_CONVERSION = YES;
				CLANG_WARN_DIRECT_OBJC_ISA_USAGE = YES_ERROR;
				CLANG_WARN_EMPTY_BODY = YES;
				CLANG_WARN_ENUM_CONVERSION = YES;
				CLANG_WARN_INT_CONVERSION = YES;
				CLANG_WARN_OBJC_ROOT_CLASS = YES_ERROR;
				CLANG_WARN_UNREACHABLE_CODE = YES;
				CLANG_WARN__DUPLICATE_METHOD_MATCH = YES;
				"CODE_SIGN_IDENTITY[sdk=iphoneos*]" = "iPhone Developer";
				COPY_PHASE_STRIP = NO;
				DEBUG_INFORMATION_FORMAT = dwarf;
				ENABLE_STRICT_OBJC_MSGSEND = YES;
				ENABLE_TESTABILITY = YES;
				GCC_C_LANGUAGE_STANDARD = gnu99;
				GCC_DYNAMIC_NO_PIC = NO;
				GCC_NO_COMMON_BLOCKS = YES;
				GCC_OPTIMIZATION_LEVEL = 0;
				GCC_PREPROCESSOR_DEFINITIONS = (
					"DEBUG=1",
					"$(inherited)",
				);
				GCC_WARN_64_TO_32_BIT_CONVERSION = YES;
				GCC_WARN_ABOUT_RETURN_TYPE = YES_ERROR;
				GCC_WARN_UNDECLARED_SELECTOR = YES;
				GCC_WARN_UNINITIALIZED_AUTOS = YES_AGGRESSIVE;
				GCC_WARN_UNUSED_FUNCTION = YES;
				GCC_WARN_UNUSED_VARIABLE = YES;
				IPHONEOS_DEPLOYMENT_TARGET = 9.2;
				MTL_ENABLE_DEBUG_INFO = YES;
				ONLY_ACTIVE_ARCH = YES;
				SDKROOT = iphoneos;
				SWIFT_OPTIMIZATION_LEVEL = "-Onone";
				TARGETED_DEVICE_FAMILY = "1,2";
			};
			name = Debug;
		};
		B0ED53461C98798E00F0AC06 /* Release */ = {
			isa = XCBuildConfiguration;
			buildSettings = {
				ALWAYS_SEARCH_USER_PATHS = NO;
				CLANG_CXX_LANGUAGE_STANDARD = "gnu++0x";
				CLANG_CXX_LIBRARY = "libc++";
				CLANG_ENABLE_MODULES = YES;
				CLANG_ENABLE_OBJC_ARC = YES;
				CLANG_WARN_BOOL_CONVERSION = YES;
				CLANG_WARN_CONSTANT_CONVERSION = YES;
				CLANG_WARN_DIRECT_OBJC_ISA_USAGE = YES_ERROR;
				CLANG_WARN_EMPTY_BODY = YES;
				CLANG_WARN_ENUM_CONVERSION = YES;
				CLANG_WARN_INT_CONVERSION = YES;
				CLANG_WARN_OBJC_ROOT_CLASS = YES_ERROR;
				CLANG_WARN_UNREACHABLE_CODE = YES;
				CLANG_WARN__DUPLICATE_METHOD_MATCH = YES;
				"CODE_SIGN_IDENTITY[sdk=iphoneos*]" = "iPhone Developer";
				COPY_PHASE_STRIP = NO;
				DEBUG_INFORMATION_FORMAT = "dwarf-with-dsym";
				ENABLE_NS_ASSERTIONS = NO;
				ENABLE_STRICT_OBJC_MSGSEND = YES;
				GCC_C_LANGUAGE_STANDARD = gnu99;
				GCC_NO_COMMON_BLOCKS = YES;
				GCC_WARN_64_TO_32_BIT_CONVERSION = YES;
				GCC_WARN_ABOUT_RETURN_TYPE = YES_ERROR;
				GCC_WARN_UNDECLARED_SELECTOR = YES;
				GCC_WARN_UNINITIALIZED_AUTOS = YES_AGGRESSIVE;
				GCC_WARN_UNUSED_FUNCTION = YES;
				GCC_WARN_UNUSED_VARIABLE = YES;
				IPHONEOS_DEPLOYMENT_TARGET = 9.2;
				MTL_ENABLE_DEBUG_INFO = NO;
				SDKROOT = iphoneos;
				TARGETED_DEVICE_FAMILY = "1,2";
				VALIDATE_PRODUCT = YES;
			};
			name = Release;
		};
		B0ED53481C98798E00F0AC06 /* Debug */ = {
			isa = XCBuildConfiguration;
			baseConfigurationReference = 16116E0C88DE724683758D91 /* Pods-testAppSDKIntegration.debug.xcconfig */;
			buildSettings = {
				ASSETCATALOG_COMPILER_APPICON_NAME = AppIcon;
				INFOPLIST_FILE = testAppSDKIntegration/Info.plist;
				LD_RUNPATH_SEARCH_PATHS = "$(inherited) @executable_path/Frameworks";
				PRODUCT_BUNDLE_IDENTIFIER = deltadna.testAppSDKIntegration;
				PRODUCT_NAME = "$(TARGET_NAME)";
			};
			name = Debug;
		};
		B0ED53491C98798E00F0AC06 /* Release */ = {
			isa = XCBuildConfiguration;
			baseConfigurationReference = E1C08FAEDDC1104488D4C45D /* Pods-testAppSDKIntegration.release.xcconfig */;
			buildSettings = {
				ASSETCATALOG_COMPILER_APPICON_NAME = AppIcon;
				INFOPLIST_FILE = testAppSDKIntegration/Info.plist;
				LD_RUNPATH_SEARCH_PATHS = "$(inherited) @executable_path/Frameworks";
				PRODUCT_BUNDLE_IDENTIFIER = deltadna.testAppSDKIntegration;
				PRODUCT_NAME = "$(TARGET_NAME)";
			};
			name = Release;
		};
/* End XCBuildConfiguration section */

/* Begin XCConfigurationList section */
		B0ED53301C98798D00F0AC06 /* Build configuration list for PBXProject "testAppSDKIntegration" */ = {
			isa = XCConfigurationList;
			buildConfigurations = (
				B0ED53451C98798E00F0AC06 /* Debug */,
				B0ED53461C98798E00F0AC06 /* Release */,
			);
			defaultConfigurationIsVisible = 0;
			defaultConfigurationName = Release;
		};
		B0ED53471C98798E00F0AC06 /* Build configuration list for PBXNativeTarget "testAppSDKIntegration" */ = {
			isa = XCConfigurationList;
			buildConfigurations = (
				B0ED53481C98798E00F0AC06 /* Debug */,
				B0ED53491C98798E00F0AC06 /* Release */,
			);
			defaultConfigurationIsVisible = 0;
			defaultConfigurationName = Release;
		};
/* End XCConfigurationList section */
	};
	rootObject = B0ED532D1C98798D00F0AC06 /* Project object */;
}
